// !$*UTF8*$!
{
	archiveVersion = 1;
	classes = {
	};
	objectVersion = 50;
	objects = {

/* Begin PBXBuildFile section */
		9B52879C25958815004F6E4C /* AppDelegate.swift in Sources */ = {isa = PBXBuildFile; fileRef = 9B52879B25958815004F6E4C /* AppDelegate.swift */; };
		9B52879E25958815004F6E4C /* SceneDelegate.swift in Sources */ = {isa = PBXBuildFile; fileRef = 9B52879D25958815004F6E4C /* SceneDelegate.swift */; };
		9B5287A025958815004F6E4C /* ViewController.swift in Sources */ = {isa = PBXBuildFile; fileRef = 9B52879F25958815004F6E4C /* ViewController.swift */; };
		9B5287A325958815004F6E4C /* Main.storyboard in Resources */ = {isa = PBXBuildFile; fileRef = 9B5287A125958815004F6E4C /* Main.storyboard */; };
		9B5287A525958816004F6E4C /* Assets.xcassets in Resources */ = {isa = PBXBuildFile; fileRef = 9B5287A425958816004F6E4C /* Assets.xcassets */; };
		9B5287A825958816004F6E4C /* LaunchScreen.storyboard in Resources */ = {isa = PBXBuildFile; fileRef = 9B5287A625958816004F6E4C /* LaunchScreen.storyboard */; };
		9B5287B325958816004F6E4C /* test_2Tests.swift in Sources */ = {isa = PBXBuildFile; fileRef = 9B5287B225958816004F6E4C /* test_2Tests.swift */; };
		9B5287BE25958816004F6E4C /* test_2UITests.swift in Sources */ = {isa = PBXBuildFile; fileRef = 9B5287BD25958816004F6E4C /* test_2UITests.swift */; };
/* End PBXBuildFile section */

/* Begin PBXContainerItemProxy section */
		9B5287AF25958816004F6E4C /* PBXContainerItemProxy */ = {
			isa = PBXContainerItemProxy;
			containerPortal = 9B52879025958815004F6E4C /* Project object */;
			proxyType = 1;
			remoteGlobalIDString = 9B52879725958815004F6E4C;
			remoteInfo = test_2;
		};
		9B5287BA25958816004F6E4C /* PBXContainerItemProxy */ = {
			isa = PBXContainerItemProxy;
			containerPortal = 9B52879025958815004F6E4C /* Project object */;
			proxyType = 1;
			remoteGlobalIDString = 9B52879725958815004F6E4C;
			remoteInfo = test_2;
		};
/* End PBXContainerItemProxy section */

/* Begin PBXFileReference section */
		9B52879825958815004F6E4C /* test_2.app */ = {isa = PBXFileReference; explicitFileType = wrapper.application; includeInIndex = 0; path = test_2.app; sourceTree = BUILT_PRODUCTS_DIR; };
		9B52879B25958815004F6E4C /* AppDelegate.swift */ = {isa = PBXFileReference; lastKnownFileType = sourcecode.swift; path = AppDelegate.swift; sourceTree = "<group>"; };
		9B52879D25958815004F6E4C /* SceneDelegate.swift */ = {isa = PBXFileReference; lastKnownFileType = sourcecode.swift; path = SceneDelegate.swift; sourceTree = "<group>"; };
		9B52879F25958815004F6E4C /* ViewController.swift */ = {isa = PBXFileReference; lastKnownFileType = sourcecode.swift; path = ViewController.swift; sourceTree = "<group>"; };
		9B5287A225958815004F6E4C /* Base */ = {isa = PBXFileReference; lastKnownFileType = file.storyboard; name = Base; path = Base.lproj/Main.storyboard; sourceTree = "<group>"; };
		9B5287A425958816004F6E4C /* Assets.xcassets */ = {isa = PBXFileReference; lastKnownFileType = folder.assetcatalog; path = Assets.xcassets; sourceTree = "<group>"; };
		9B5287A725958816004F6E4C /* Base */ = {isa = PBXFileReference; lastKnownFileType = file.storyboard; name = Base; path = Base.lproj/LaunchScreen.storyboard; sourceTree = "<group>"; };
		9B5287A925958816004F6E4C /* Info.plist */ = {isa = PBXFileReference; lastKnownFileType = text.plist.xml; path = Info.plist; sourceTree = "<group>"; };
		9B5287AE25958816004F6E4C /* test_2Tests.xctest */ = {isa = PBXFileReference; explicitFileType = wrapper.cfbundle; includeInIndex = 0; path = test_2Tests.xctest; sourceTree = BUILT_PRODUCTS_DIR; };
		9B5287B225958816004F6E4C /* test_2Tests.swift */ = {isa = PBXFileReference; lastKnownFileType = sourcecode.swift; path = test_2Tests.swift; sourceTree = "<group>"; };
		9B5287B425958816004F6E4C /* Info.plist */ = {isa = PBXFileReference; lastKnownFileType = text.plist.xml; path = Info.plist; sourceTree = "<group>"; };
		9B5287B925958816004F6E4C /* test_2UITests.xctest */ = {isa = PBXFileReference; explicitFileType = wrapper.cfbundle; includeInIndex = 0; path = test_2UITests.xctest; sourceTree = BUILT_PRODUCTS_DIR; };
		9B5287BD25958816004F6E4C /* test_2UITests.swift */ = {isa = PBXFileReference; lastKnownFileType = sourcecode.swift; path = test_2UITests.swift; sourceTree = "<group>"; };
		9B5287BF25958816004F6E4C /* Info.plist */ = {isa = PBXFileReference; lastKnownFileType = text.plist.xml; path = Info.plist; sourceTree = "<group>"; };
/* End PBXFileReference section */

/* Begin PBXFrameworksBuildPhase section */
		9B52879525958815004F6E4C /* Frameworks */ = {
			isa = PBXFrameworksBuildPhase;
			buildActionMask = 2147483647;
			files = (
			);
			runOnlyForDeploymentPostprocessing = 0;
		};
		9B5287AB25958816004F6E4C /* Frameworks */ = {
			isa = PBXFrameworksBuildPhase;
			buildActionMask = 2147483647;
			files = (
			);
			runOnlyForDeploymentPostprocessing = 0;
		};
		9B5287B625958816004F6E4C /* Frameworks */ = {
			isa = PBXFrameworksBuildPhase;
			buildActionMask = 2147483647;
			files = (
			);
			runOnlyForDeploymentPostprocessing = 0;
		};
/* End PBXFrameworksBuildPhase section */

/* Begin PBXGroup section */
		9B52878F25958815004F6E4C = {
			isa = PBXGroup;
			children = (
				9B52879A25958815004F6E4C /* test_2 */,
				9B5287B125958816004F6E4C /* test_2Tests */,
				9B5287BC25958816004F6E4C /* test_2UITests */,
				9B52879925958815004F6E4C /* Products */,
			);
			sourceTree = "<group>";
		};
		9B52879925958815004F6E4C /* Products */ = {
			isa = PBXGroup;
			children = (
				9B52879825958815004F6E4C /* test_2.app */,
				9B5287AE25958816004F6E4C /* test_2Tests.xctest */,
				9B5287B925958816004F6E4C /* test_2UITests.xctest */,
			);
			name = Products;
			sourceTree = "<group>";
		};
		9B52879A25958815004F6E4C /* test_2 */ = {
			isa = PBXGroup;
			children = (
				9B52879B25958815004F6E4C /* AppDelegate.swift */,
				9B52879D25958815004F6E4C /* SceneDelegate.swift */,
				9B52879F25958815004F6E4C /* ViewController.swift */,
				9B5287A125958815004F6E4C /* Main.storyboard */,
				9B5287A425958816004F6E4C /* Assets.xcassets */,
				9B5287A625958816004F6E4C /* LaunchScreen.storyboard */,
				9B5287A925958816004F6E4C /* Info.plist */,
			);
			path = test_2;
			sourceTree = "<group>";
		};
		9B5287B125958816004F6E4C /* test_2Tests */ = {
			isa = PBXGroup;
			children = (
				9B5287B225958816004F6E4C /* test_2Tests.swift */,
				9B5287B425958816004F6E4C /* Info.plist */,
			);
			path = test_2Tests;
			sourceTree = "<group>";
		};
		9B5287BC25958816004F6E4C /* test_2UITests */ = {
			isa = PBXGroup;
			children = (
				9B5287BD25958816004F6E4C /* test_2UITests.swift */,
				9B5287BF25958816004F6E4C /* Info.plist */,
			);
			path = test_2UITests;
			sourceTree = "<group>";
		};
/* End PBXGroup section */

/* Begin PBXNativeTarget section */
		9B52879725958815004F6E4C /* test_2 */ = {
			isa = PBXNativeTarget;
			buildConfigurationList = 9B5287C225958816004F6E4C /* Build configuration list for PBXNativeTarget "test_2" */;
			buildPhases = (
				9B52879425958815004F6E4C /* Sources */,
				9B52879525958815004F6E4C /* Frameworks */,
				9B52879625958815004F6E4C /* Resources */,
			);
			buildRules = (
			);
			dependencies = (
			);
			name = test_2;
			productName = test_2;
			productReference = 9B52879825958815004F6E4C /* test_2.app */;
			productType = "com.apple.product-type.application";
		};
		9B5287AD25958816004F6E4C /* test_2Tests */ = {
			isa = PBXNativeTarget;
			buildConfigurationList = 9B5287C525958816004F6E4C /* Build configuration list for PBXNativeTarget "test_2Tests" */;
			buildPhases = (
				9B5287AA25958816004F6E4C /* Sources */,
				9B5287AB25958816004F6E4C /* Frameworks */,
				9B5287AC25958816004F6E4C /* Resources */,
			);
			buildRules = (
			);
			dependencies = (
				9B5287B025958816004F6E4C /* PBXTargetDependency */,
			);
			name = test_2Tests;
			productName = test_2Tests;
			productReference = 9B5287AE25958816004F6E4C /* test_2Tests.xctest */;
			productType = "com.apple.product-type.bundle.unit-test";
		};
		9B5287B825958816004F6E4C /* test_2UITests */ = {
			isa = PBXNativeTarget;
			buildConfigurationList = 9B5287C825958816004F6E4C /* Build configuration list for PBXNativeTarget "test_2UITests" */;
			buildPhases = (
				9B5287B525958816004F6E4C /* Sources */,
				9B5287B625958816004F6E4C /* Frameworks */,
				9B5287B725958816004F6E4C /* Resources */,
			);
			buildRules = (
			);
			dependencies = (
				9B5287BB25958816004F6E4C /* PBXTargetDependency */,
			);
			name = test_2UITests;
			productName = test_2UITests;
			productReference = 9B5287B925958816004F6E4C /* test_2UITests.xctest */;
			productType = "com.apple.product-type.bundle.ui-testing";
		};
/* End PBXNativeTarget section */

/* Begin PBXProject section */
		9B52879025958815004F6E4C /* Project object */ = {
			isa = PBXProject;
			attributes = {
				LastSwiftUpdateCheck = 1230;
				LastUpgradeCheck = 1230;
				TargetAttributes = {
					9B52879725958815004F6E4C = {
						CreatedOnToolsVersion = 12.3;
					};
					9B5287AD25958816004F6E4C = {
						CreatedOnToolsVersion = 12.3;
						TestTargetID = 9B52879725958815004F6E4C;
					};
					9B5287B825958816004F6E4C = {
						CreatedOnToolsVersion = 12.3;
						TestTargetID = 9B52879725958815004F6E4C;
					};
				};
			};
			buildConfigurationList = 9B52879325958815004F6E4C /* Build configuration list for PBXProject "test_2" */;
			compatibilityVersion = "Xcode 9.3";
			developmentRegion = en;
			hasScannedForEncodings = 0;
			knownRegions = (
				en,
				Base,
			);
			mainGroup = 9B52878F25958815004F6E4C;
			productRefGroup = 9B52879925958815004F6E4C /* Products */;
			projectDirPath = "";
			projectRoot = "";
			targets = (
				9B52879725958815004F6E4C /* test_2 */,
				9B5287AD25958816004F6E4C /* test_2Tests */,
				9B5287B825958816004F6E4C /* test_2UITests */,
			);
		};
/* End PBXProject section */

/* Begin PBXResourcesBuildPhase section */
		9B52879625958815004F6E4C /* Resources */ = {
			isa = PBXResourcesBuildPhase;
			buildActionMask = 2147483647;
			files = (
				9B5287A825958816004F6E4C /* LaunchScreen.storyboard in Resources */,
				9B5287A525958816004F6E4C /* Assets.xcassets in Resources */,
				9B5287A325958815004F6E4C /* Main.storyboard in Resources */,
			);
			runOnlyForDeploymentPostprocessing = 0;
		};
		9B5287AC25958816004F6E4C /* Resources */ = {
			isa = PBXResourcesBuildPhase;
			buildActionMask = 2147483647;
			files = (
			);
			runOnlyForDeploymentPostprocessing = 0;
		};
		9B5287B725958816004F6E4C /* Resources */ = {
			isa = PBXResourcesBuildPhase;
			buildActionMask = 2147483647;
			files = (
			);
			runOnlyForDeploymentPostprocessing = 0;
		};
/* End PBXResourcesBuildPhase section */

/* Begin PBXSourcesBuildPhase section */
		9B52879425958815004F6E4C /* Sources */ = {
			isa = PBXSourcesBuildPhase;
			buildActionMask = 2147483647;
			files = (
				9B5287A025958815004F6E4C /* ViewController.swift in Sources */,
				9B52879C25958815004F6E4C /* AppDelegate.swift in Sources */,
				9B52879E25958815004F6E4C /* SceneDelegate.swift in Sources */,
			);
			runOnlyForDeploymentPostprocessing = 0;
		};
		9B5287AA25958816004F6E4C /* Sources */ = {
			isa = PBXSourcesBuildPhase;
			buildActionMask = 2147483647;
			files = (
				9B5287B325958816004F6E4C /* test_2Tests.swift in Sources */,
			);
			runOnlyForDeploymentPostprocessing = 0;
		};
		9B5287B525958816004F6E4C /* Sources */ = {
			isa = PBXSourcesBuildPhase;
			buildActionMask = 2147483647;
			files = (
				9B5287BE25958816004F6E4C /* test_2UITests.swift in Sources */,
			);
			runOnlyForDeploymentPostprocessing = 0;
		};
/* End PBXSourcesBuildPhase section */

/* Begin PBXTargetDependency section */
		9B5287B025958816004F6E4C /* PBXTargetDependency */ = {
			isa = PBXTargetDependency;
			target = 9B52879725958815004F6E4C /* test_2 */;
			targetProxy = 9B5287AF25958816004F6E4C /* PBXContainerItemProxy */;
		};
		9B5287BB25958816004F6E4C /* PBXTargetDependency */ = {
			isa = PBXTargetDependency;
			target = 9B52879725958815004F6E4C /* test_2 */;
			targetProxy = 9B5287BA25958816004F6E4C /* PBXContainerItemProxy */;
		};
/* End PBXTargetDependency section */

/* Begin PBXVariantGroup section */
		9B5287A125958815004F6E4C /* Main.storyboard */ = {
			isa = PBXVariantGroup;
			children = (
				9B5287A225958815004F6E4C /* Base */,
			);
			name = Main.storyboard;
			sourceTree = "<group>";
		};
		9B5287A625958816004F6E4C /* LaunchScreen.storyboard */ = {
			isa = PBXVariantGroup;
			children = (
				9B5287A725958816004F6E4C /* Base */,
			);
			name = LaunchScreen.storyboard;
			sourceTree = "<group>";
		};
/* End PBXVariantGroup section */

/* Begin XCBuildConfiguration section */
		9B5287C025958816004F6E4C /* Debug */ = {
			isa = XCBuildConfiguration;
			buildSettings = {
				ALWAYS_SEARCH_USER_PATHS = NO;
				CLANG_ANALYZER_NONNULL = YES;
				CLANG_ANALYZER_NUMBER_OBJECT_CONVERSION = YES_AGGRESSIVE;
				CLANG_CXX_LANGUAGE_STANDARD = "gnu++14";
				CLANG_CXX_LIBRARY = "libc++";
				CLANG_ENABLE_MODULES = YES;
				CLANG_ENABLE_OBJC_ARC = YES;
				CLANG_ENABLE_OBJC_WEAK = YES;
				CLANG_WARN_BLOCK_CAPTURE_AUTORELEASING = YES;
				CLANG_WARN_BOOL_CONVERSION = YES;
				CLANG_WARN_COMMA = YES;
				CLANG_WARN_CONSTANT_CONVERSION = YES;
				CLANG_WARN_DEPRECATED_OBJC_IMPLEMENTATIONS = YES;
				CLANG_WARN_DIRECT_OBJC_ISA_USAGE = YES_ERROR;
				CLANG_WARN_DOCUMENTATION_COMMENTS = YES;
				CLANG_WARN_EMPTY_BODY = YES;
				CLANG_WARN_ENUM_CONVERSION = YES;
				CLANG_WARN_INFINITE_RECURSION = YES;
				CLANG_WARN_INT_CONVERSION = YES;
				CLANG_WARN_NON_LITERAL_NULL_CONVERSION = YES;
				CLANG_WARN_OBJC_IMPLICIT_RETAIN_SELF = YES;
				CLANG_WARN_OBJC_LITERAL_CONVERSION = YES;
				CLANG_WARN_OBJC_ROOT_CLASS = YES_ERROR;
				CLANG_WARN_QUOTED_INCLUDE_IN_FRAMEWORK_HEADER = YES;
				CLANG_WARN_RANGE_LOOP_ANALYSIS = YES;
				CLANG_WARN_STRICT_PROTOTYPES = YES;
				CLANG_WARN_SUSPICIOUS_MOVE = YES;
				CLANG_WARN_UNGUARDED_AVAILABILITY = YES_AGGRESSIVE;
				CLANG_WARN_UNREACHABLE_CODE = YES;
				CLANG_WARN__DUPLICATE_METHOD_MATCH = YES;
				COPY_PHASE_STRIP = NO;
				DEBUG_INFORMATION_FORMAT = dwarf;
				ENABLE_STRICT_OBJC_MSGSEND = YES;
				ENABLE_TESTABILITY = YES;
				GCC_C_LANGUAGE_STANDARD = gnu11;
				GCC_DYNAMIC_NO_PIC = NO;
				GCC_NO_COMMON_BLOCKS = YES;
				GCC_OPTIMIZATION_LEVEL = 0;
				GCC_PREPROCESSOR_DEFINITIONS = (
					"DEBUG=1",
					"$(inherited)",
				);
				GCC_WARN_64_TO_32_BIT_CONVERSION = YES;
				GCC_WARN_ABOUT_RETURN_TYPE = YES_ERROR;
				GCC_WARN_UNDECLARED_SELECTOR = YES;
				GCC_WARN_UNINITIALIZED_AUTOS = YES_AGGRESSIVE;
				GCC_WARN_UNUSED_FUNCTION = YES;
				GCC_WARN_UNUSED_VARIABLE = YES;
				IPHONEOS_DEPLOYMENT_TARGET = 14.3;
				MTL_ENABLE_DEBUG_INFO = INCLUDE_SOURCE;
				MTL_FAST_MATH = YES;
				ONLY_ACTIVE_ARCH = YES;
				SDKROOT = iphoneos;
				SWIFT_ACTIVE_COMPILATION_CONDITIONS = DEBUG;
				SWIFT_OPTIMIZATION_LEVEL = "-Onone";
			};
			name = Debug;
		};
		9B5287C125958816004F6E4C /* Release */ = {
			isa = XCBuildConfiguration;
			buildSettings = {
				ALWAYS_SEARCH_USER_PATHS = NO;
				CLANG_ANALYZER_NONNULL = YES;
				CLANG_ANALYZER_NUMBER_OBJECT_CONVERSION = YES_AGGRESSIVE;
				CLANG_CXX_LANGUAGE_STANDARD = "gnu++14";
				CLANG_CXX_LIBRARY = "libc++";
				CLANG_ENABLE_MODULES = YES;
				CLANG_ENABLE_OBJC_ARC = YES;
				CLANG_ENABLE_OBJC_WEAK = YES;
				CLANG_WARN_BLOCK_CAPTURE_AUTORELEASING = YES;
				CLANG_WARN_BOOL_CONVERSION = YES;
				CLANG_WARN_COMMA = YES;
				CLANG_WARN_CONSTANT_CONVERSION = YES;
				CLANG_WARN_DEPRECATED_OBJC_IMPLEMENTATIONS = YES;
				CLANG_WARN_DIRECT_OBJC_ISA_USAGE = YES_ERROR;
				CLANG_WARN_DOCUMENTATION_COMMENTS = YES;
				CLANG_WARN_EMPTY_BODY = YES;
				CLANG_WARN_ENUM_CONVERSION = YES;
				CLANG_WARN_INFINITE_RECURSION = YES;
				CLANG_WARN_INT_CONVERSION = YES;
				CLANG_WARN_NON_LITERAL_NULL_CONVERSION = YES;
				CLANG_WARN_OBJC_IMPLICIT_RETAIN_SELF = YES;
				CLANG_WARN_OBJC_LITERAL_CONVERSION = YES;
				CLANG_WARN_OBJC_ROOT_CLASS = YES_ERROR;
				CLANG_WARN_QUOTED_INCLUDE_IN_FRAMEWORK_HEADER = YES;
				CLANG_WARN_RANGE_LOOP_ANALYSIS = YES;
				CLANG_WARN_STRICT_PROTOTYPES = YES;
				CLANG_WARN_SUSPICIOUS_MOVE = YES;
				CLANG_WARN_UNGUARDED_AVAILABILITY = YES_AGGRESSIVE;
				CLANG_WARN_UNREACHABLE_CODE = YES;
				CLANG_WARN__DUPLICATE_METHOD_MATCH = YES;
				COPY_PHASE_STRIP = NO;
				DEBUG_INFORMATION_FORMAT = "dwarf-with-dsym";
				ENABLE_NS_ASSERTIONS = NO;
				ENABLE_STRICT_OBJC_MSGSEND = YES;
				GCC_C_LANGUAGE_STANDARD = gnu11;
				GCC_NO_COMMON_BLOCKS = YES;
				GCC_WARN_64_TO_32_BIT_CONVERSION = YES;
				GCC_WARN_ABOUT_RETURN_TYPE = YES_ERROR;
				GCC_WARN_UNDECLARED_SELECTOR = YES;
				GCC_WARN_UNINITIALIZED_AUTOS = YES_AGGRESSIVE;
				GCC_WARN_UNUSED_FUNCTION = YES;
				GCC_WARN_UNUSED_VARIABLE = YES;
				IPHONEOS_DEPLOYMENT_TARGET = 14.3;
				MTL_ENABLE_DEBUG_INFO = NO;
				MTL_FAST_MATH = YES;
				SDKROOT = iphoneos;
				SWIFT_COMPILATION_MODE = wholemodule;
				SWIFT_OPTIMIZATION_LEVEL = "-O";
				VALIDATE_PRODUCT = YES;
			};
			name = Release;
		};
		9B5287C325958816004F6E4C /* Debug */ = {
			isa = XCBuildConfiguration;
			buildSettings = {
				ASSETCATALOG_COMPILER_APPICON_NAME = AppIcon;
				ASSETCATALOG_COMPILER_GLOBAL_ACCENT_COLOR_NAME = AccentColor;
				CODE_SIGN_STYLE = Automatic;
				INFOPLIST_FILE = test_2/Info.plist;
				LD_RUNPATH_SEARCH_PATHS = (
					"$(inherited)",
					"@executable_path/Frameworks",
				);
				PRODUCT_BUNDLE_IDENTIFIER = "leekatme.test-2";
				PRODUCT_NAME = "$(TARGET_NAME)";
				SWIFT_VERSION = 5.0;
				TARGETED_DEVICE_FAMILY = "1,2";
			};
			name = Debug;
		};
		9B5287C425958816004F6E4C /* Release */ = {
			isa = XCBuildConfiguration;
			buildSettings = {
				ASSETCATALOG_COMPILER_APPICON_NAME = AppIcon;
				ASSETCATALOG_COMPILER_GLOBAL_ACCENT_COLOR_NAME = AccentColor;
				CODE_SIGN_STYLE = Automatic;
				INFOPLIST_FILE = test_2/Info.plist;
				LD_RUNPATH_SEARCH_PATHS = (
					"$(inherited)",
					"@executable_path/Frameworks",
				);
				PRODUCT_BUNDLE_IDENTIFIER = "leekatme.test-2";
				PRODUCT_NAME = "$(TARGET_NAME)";
				SWIFT_VERSION = 5.0;
				TARGETED_DEVICE_FAMILY = "1,2";
			};
			name = Release;
		};
		9B5287C625958816004F6E4C /* Debug */ = {
			isa = XCBuildConfiguration;
			buildSettings = {
				ALWAYS_EMBED_SWIFT_STANDARD_LIBRARIES = YES;
				BUNDLE_LOADER = "$(TEST_HOST)";
				CODE_SIGN_STYLE = Automatic;
				INFOPLIST_FILE = test_2Tests/Info.plist;
				IPHONEOS_DEPLOYMENT_TARGET = 14.3;
				LD_RUNPATH_SEARCH_PATHS = (
					"$(inherited)",
					"@executable_path/Frameworks",
					"@loader_path/Frameworks",
				);
				PRODUCT_BUNDLE_IDENTIFIER = "leekatme.test-2Tests";
				PRODUCT_NAME = "$(TARGET_NAME)";
				SWIFT_VERSION = 5.0;
				TARGETED_DEVICE_FAMILY = "1,2";
				TEST_HOST = "$(BUILT_PRODUCTS_DIR)/test_2.app/test_2";
			};
			name = Debug;
		};
		9B5287C725958816004F6E4C /* Release */ = {
			isa = XCBuildConfiguration;
			buildSettings = {
				ALWAYS_EMBED_SWIFT_STANDARD_LIBRARIES = YES;
				BUNDLE_LOADER = "$(TEST_HOST)";
				CODE_SIGN_STYLE = Automatic;
				INFOPLIST_FILE = test_2Tests/Info.plist;
				IPHONEOS_DEPLOYMENT_TARGET = 14.3;
				LD_RUNPATH_SEARCH_PATHS = (
					"$(inherited)",
					"@executable_path/Frameworks",
					"@loader_path/Frameworks",
				);
				PRODUCT_BUNDLE_IDENTIFIER = "leekatme.test-2Tests";
				PRODUCT_NAME = "$(TARGET_NAME)";
				SWIFT_VERSION = 5.0;
				TARGETED_DEVICE_FAMILY = "1,2";
				TEST_HOST = "$(BUILT_PRODUCTS_DIR)/test_2.app/test_2";
			};
			name = Release;
		};
		9B5287C925958816004F6E4C /* Debug */ = {
			isa = XCBuildConfiguration;
			buildSettings = {
				ALWAYS_EMBED_SWIFT_STANDARD_LIBRARIES = YES;
				CODE_SIGN_STYLE = Automatic;
				INFOPLIST_FILE = test_2UITests/Info.plist;
				LD_RUNPATH_SEARCH_PATHS = (
					"$(inherited)",
					"@executable_path/Frameworks",
					"@loader_path/Frameworks",
				);
				PRODUCT_BUNDLE_IDENTIFIER = "leekatme.test-2UITests";
				PRODUCT_NAME = "$(TARGET_NAME)";
				SWIFT_VERSION = 5.0;
				TARGETED_DEVICE_FAMILY = "1,2";
				TEST_TARGET_NAME = test_2;
			};
			name = Debug;
		};
		9B5287CA25958816004F6E4C /* Release */ = {
			isa = XCBuildConfiguration;
			buildSettings = {
				ALWAYS_EMBED_SWIFT_STANDARD_LIBRARIES = YES;
				CODE_SIGN_STYLE = Automatic;
				INFOPLIST_FILE = test_2UITests/Info.plist;
				LD_RUNPATH_SEARCH_PATHS = (
					"$(inherited)",
					"@executable_path/Frameworks",
					"@loader_path/Frameworks",
				);
				PRODUCT_BUNDLE_IDENTIFIER = "leekatme.test-2UITests";
				PRODUCT_NAME = "$(TARGET_NAME)";
				SWIFT_VERSION = 5.0;
				TARGETED_DEVICE_FAMILY = "1,2";
				TEST_TARGET_NAME = test_2;
			};
			name = Release;
		};
/* End XCBuildConfiguration section */

/* Begin XCConfigurationList section */
		9B52879325958815004F6E4C /* Build configuration list for PBXProject "test_2" */ = {
			isa = XCConfigurationList;
			buildConfigurations = (
				9B5287C025958816004F6E4C /* Debug */,
				9B5287C125958816004F6E4C /* Release */,
			);
			defaultConfigurationIsVisible = 0;
			defaultConfigurationName = Release;
		};
		9B5287C225958816004F6E4C /* Build configuration list for PBXNativeTarget "test_2" */ = {
			isa = XCConfigurationList;
			buildConfigurations = (
				9B5287C325958816004F6E4C /* Debug */,
				9B5287C425958816004F6E4C /* Release */,
			);
			defaultConfigurationIsVisible = 0;
			defaultConfigurationName = Release;
		};
		9B5287C525958816004F6E4C /* Build configuration list for PBXNativeTarget "test_2Tests" */ = {
			isa = XCConfigurationList;
			buildConfigurations = (
				9B5287C625958816004F6E4C /* Debug */,
				9B5287C725958816004F6E4C /* Release */,
			);
			defaultConfigurationIsVisible = 0;
			defaultConfigurationName = Release;
		};
		9B5287C825958816004F6E4C /* Build configuration list for PBXNativeTarget "test_2UITests" */ = {
			isa = XCConfigurationList;
			buildConfigurations = (
				9B5287C925958816004F6E4C /* Debug */,
				9B5287CA25958816004F6E4C /* Release */,
			);
			defaultConfigurationIsVisible = 0;
			defaultConfigurationName = Release;
		};
/* End XCConfigurationList section */
	};
	rootObject = 9B52879025958815004F6E4C /* Project object */;
}
